{
  "nodes": {
    "nixpkgs": {
      "locked": {
        "lastModified": 1742422364,
        "narHash": "sha256-mNqIplmEohk5jRkqYqG19GA8MbQ/D4gQSK0Mu4LvfRQ=",
        "owner": "NixOS",
        "repo": "nixpkgs",
        "rev": "a84ebe20c6bc2ecbcfb000a50776219f48d134cc",
        "type": "github"
      },
      "original": {
        "owner": "NixOS",
        "ref": "nixos-unstable",
        "repo": "nixpkgs",
        "type": "github"
      }
    },
    "quadlet-nix": {
      "inputs": {
        "nixpkgs": [
          "nixpkgs"
        ]
      },
      "locked": {
        "lastModified": 1741877501,
        "narHash": "sha256-jCNJS5zrG5fFNSmeAJi93g9AaDyirARmi0/NuO9YDs0=",
        "owner": "SEIAROTg",
        "repo": "quadlet-nix",
        "rev": "341bf1b0ce788fec84c2dd7fa8757127f8915179",
        "type": "github"
      },
      "original": {
        "owner": "SEIAROTg",
        "repo": "quadlet-nix",
        "type": "github"
      }
    },
    "root": {
      "inputs": {
        "nixpkgs": "nixpkgs",
        "quadlet-nix": "quadlet-nix"
      }
    }
  },
  "root": "root",
  "version": 7
}
